
Microsoft Visual Studio Solution File, Format Version 12.00
# Visual Studio Version 17
VisualStudioVersion = 17.6.33723.286
MinimumVisualStudioVersion = 10.0.40219.1
Project("{2150E333-8FDC-42A3-9474-1A3956D46DE8}") = "src", "src", "{AB2E8E6F-95A2-4173-A2B8-7A743A31E3AA}"
EndProject
Project("{FAE04EC0-301F-11D3-BF4B-00C04F79EFBC}") = "PersonaScreenshotParser.Core", "src\PersonaScreenshotParser.Core\PersonaScreenshotParser.Core.csproj", "{B47715E5-D2D2-405F-96BC-868632266433}"
EndProject
Project("{FAE04EC0-301F-11D3-BF4B-00C04F79EFBC}") = "PersonaScreenshotParser.ConsoleApp", "src\PersonaScreenshotParser.ConsoleApp\PersonaScreenshotParser.ConsoleApp.csproj", "{F407F0EE-7B3A-4EBF-87F6-C0A8146FC88D}"
EndProject
Project("{FAE04EC0-301F-11D3-BF4B-00C04F79EFBC}") = "PersonaScreenshotParser.Database", "src\PersonaScreenshotParser.Database\PersonaScreenshotParser.Database.csproj", "{EA11AA02-B507-47F0-901D-8B4EC7B883EA}"
EndProject
Project("{FAE04EC0-301F-11D3-BF4B-00C04F79EFBC}") = "PersonaScreenshotParser.Viewer", "src\PersonaScreenshotParser.Viewer\PersonaScreenshotParser.Viewer.csproj", "{3297D283-4A4F-4D9F-80FE-EB148E05E348}"
EndProject
Global
	GlobalSection(SolutionConfigurationPlatforms) = preSolution
		Debug|Any CPU = Debug|Any CPU
		Release|Any CPU = Release|Any CPU
	EndGlobalSection
	GlobalSection(ProjectConfigurationPlatforms) = postSolution
		{B47715E5-D2D2-405F-96BC-868632266433}.Debug|Any CPU.ActiveCfg = Debug|Any CPU
		{B47715E5-D2D2-405F-96BC-868632266433}.Debug|Any CPU.Build.0 = Debug|Any CPU
		{B47715E5-D2D2-405F-96BC-868632266433}.Release|Any CPU.ActiveCfg = Release|Any CPU
		{B47715E5-D2D2-405F-96BC-868632266433}.Release|Any CPU.Build.0 = Release|Any CPU
		{F407F0EE-7B3A-4EBF-87F6-C0A8146FC88D}.Debug|Any CPU.ActiveCfg = Debug|Any CPU
		{F407F0EE-7B3A-4EBF-87F6-C0A8146FC88D}.Debug|Any CPU.Build.0 = Debug|Any CPU
		{F407F0EE-7B3A-4EBF-87F6-C0A8146FC88D}.Release|Any CPU.ActiveCfg = Release|Any CPU
		{F407F0EE-7B3A-4EBF-87F6-C0A8146FC88D}.Release|Any CPU.Build.0 = Release|Any CPU
		{EA11AA02-B507-47F0-901D-8B4EC7B883EA}.Debug|Any CPU.ActiveCfg = Debug|Any CPU
		{EA11AA02-B507-47F0-901D-8B4EC7B883EA}.Debug|Any CPU.Build.0 = Debug|Any CPU
		{EA11AA02-B507-47F0-901D-8B4EC7B883EA}.Release|Any CPU.ActiveCfg = Release|Any CPU
		{EA11AA02-B507-47F0-901D-8B4EC7B883EA}.Release|Any CPU.Build.0 = Release|Any CPU
		{3297D283-4A4F-4D9F-80FE-EB148E05E348}.Debug|Any CPU.ActiveCfg = Debug|Any CPU
		{3297D283-4A4F-4D9F-80FE-EB148E05E348}.Debug|Any CPU.Build.0 = Debug|Any CPU
		{3297D283-4A4F-4D9F-80FE-EB148E05E348}.Release|Any CPU.ActiveCfg = Release|Any CPU
		{3297D283-4A4F-4D9F-80FE-EB148E05E348}.Release|Any CPU.Build.0 = Release|Any CPU
	EndGlobalSection
	GlobalSection(SolutionProperties) = preSolution
		HideSolutionNode = FALSE
	EndGlobalSection
	GlobalSection(ExtensibilityGlobals) = postSolution
		SolutionGuid = {8B1DB9E5-9850-4EF5-9BAF-145C47EDDD54}
	EndGlobalSection
	GlobalSection(NestedProjects) = preSolution
		{B47715E5-D2D2-405F-96BC-868632266433} = {AB2E8E6F-95A2-4173-A2B8-7A743A31E3AA}
		{F407F0EE-7B3A-4EBF-87F6-C0A8146FC88D} = {AB2E8E6F-95A2-4173-A2B8-7A743A31E3AA}
		{EA11AA02-B507-47F0-901D-8B4EC7B883EA} = {AB2E8E6F-95A2-4173-A2B8-7A743A31E3AA}
		{3297D283-4A4F-4D9F-80FE-EB148E05E348} = {AB2E8E6F-95A2-4173-A2B8-7A743A31E3AA}
	EndGlobalSection
EndGlobal
